// !$*UTF8*$!
{
	archiveVersion = 1;
	classes = {
	};
	objectVersion = 46;
	objects = {

/* Begin PBXBuildFile section */
		0DCE8AA5195F954E00D589F3 /* Foundation.framework in Frameworks */ = {isa = PBXBuildFile; fileRef = 0DCE8AA4195F954E00D589F3 /* Foundation.framework */; };
		0DCE8AA7195F954E00D589F3 /* CoreGraphics.framework in Frameworks */ = {isa = PBXBuildFile; fileRef = 0DCE8AA6195F954E00D589F3 /* CoreGraphics.framework */; };
		0DCE8AA9195F954E00D589F3 /* UIKit.framework in Frameworks */ = {isa = PBXBuildFile; fileRef = 0DCE8AA8195F954E00D589F3 /* UIKit.framework */; };
		0DCE8AAF195F954E00D589F3 /* InfoPlist.strings in Resources */ = {isa = PBXBuildFile; fileRef = 0DCE8AAD195F954E00D589F3 /* InfoPlist.strings */; };
		0DCE8AB1195F954E00D589F3 /* main.m in Sources */ = {isa = PBXBuildFile; fileRef = 0DCE8AB0195F954E00D589F3 /* main.m */; };
		0DCE8AB5195F954E00D589F3 /* AppDelegate.m in Sources */ = {isa = PBXBuildFile; fileRef = 0DCE8AB4195F954E00D589F3 /* AppDelegate.m */; };
		0DCE8AB7195F954E00D589F3 /* Images.xcassets in Resources */ = {isa = PBXBuildFile; fileRef = 0DCE8AB6195F954E00D589F3 /* Images.xcassets */; };
		0DCE8ABE195F954E00D589F3 /* XCTest.framework in Frameworks */ = {isa = PBXBuildFile; fileRef = 0DCE8ABD195F954E00D589F3 /* XCTest.framework */; };
		0DCE8ABF195F954E00D589F3 /* Foundation.framework in Frameworks */ = {isa = PBXBuildFile; fileRef = 0DCE8AA4195F954E00D589F3 /* Foundation.framework */; };
		0DCE8AC0195F954E00D589F3 /* UIKit.framework in Frameworks */ = {isa = PBXBuildFile; fileRef = 0DCE8AA8195F954E00D589F3 /* UIKit.framework */; };
		0DCE8AC8195F954E00D589F3 /* InfoPlist.strings in Resources */ = {isa = PBXBuildFile; fileRef = 0DCE8AC6195F954E00D589F3 /* InfoPlist.strings */; };
		0DCE8ACA195F954E00D589F3 /* _06_29_____Tests.m in Sources */ = {isa = PBXBuildFile; fileRef = 0DCE8AC9195F954E00D589F3 /* _06_29_____Tests.m */; };
/* End PBXBuildFile section */

/* Begin PBXContainerItemProxy section */
		0DCE8AC1195F954E00D589F3 /* PBXContainerItemProxy */ = {
			isa = PBXContainerItemProxy;
			containerPortal = 0DCE8A99195F954E00D589F3 /* Project object */;
			proxyType = 1;
			remoteGlobalIDString = 0DCE8AA0195F954E00D589F3;
			remoteInfo = "-06-29-新浪微博";
		};
/* End PBXContainerItemProxy section */

/* Begin PBXFileReference section */
		0DCE8AA1195F954E00D589F3 /* -06-29-新浪微博.app */ = {isa = PBXFileReference; explicitFileType = wrapper.application; includeInIndex = 0; path = "-06-29-新浪微博.app"; sourceTree = BUILT_PRODUCTS_DIR; };
		0DCE8AA4195F954E00D589F3 /* Foundation.framework */ = {isa = PBXFileReference; lastKnownFileType = wrapper.framework; name = Foundation.framework; path = System/Library/Frameworks/Foundation.framework; sourceTree = SDKROOT; };
		0DCE8AA6195F954E00D589F3 /* CoreGraphics.framework */ = {isa = PBXFileReference; lastKnownFileType = wrapper.framework; name = CoreGraphics.framework; path = System/Library/Frameworks/CoreGraphics.framework; sourceTree = SDKROOT; };
		0DCE8AA8195F954E00D589F3 /* UIKit.framework */ = {isa = PBXFileReference; lastKnownFileType = wrapper.framework; name = UIKit.framework; path = System/Library/Frameworks/UIKit.framework; sourceTree = SDKROOT; };
		0DCE8AAC195F954E00D589F3 /* -06-29-新浪微博-Info.plist */ = {isa = PBXFileReference; lastKnownFileType = text.plist.xml; path = "-06-29-新浪微博-Info.plist"; sourceTree = "<group>"; };
		0DCE8AAE195F954E00D589F3 /* en */ = {isa = PBXFileReference; lastKnownFileType = text.plist.strings; name = en; path = en.lproj/InfoPlist.strings; sourceTree = "<group>"; };
		0DCE8AB0195F954E00D589F3 /* main.m */ = {isa = PBXFileReference; lastKnownFileType = sourcecode.c.objc; path = main.m; sourceTree = "<group>"; };
		0DCE8AB2195F954E00D589F3 /* -06-29-新浪微博-Prefix.pch */ = {isa = PBXFileReference; lastKnownFileType = sourcecode.c.h; path = "-06-29-新浪微博-Prefix.pch"; sourceTree = "<group>"; };
		0DCE8AB3195F954E00D589F3 /* AppDelegate.h */ = {isa = PBXFileReference; lastKnownFileType = sourcecode.c.h; path = AppDelegate.h; sourceTree = "<group>"; };
		0DCE8AB4195F954E00D589F3 /* AppDelegate.m */ = {isa = PBXFileReference; lastKnownFileType = sourcecode.c.objc; path = AppDelegate.m; sourceTree = "<group>"; };
		0DCE8AB6195F954E00D589F3 /* Images.xcassets */ = {isa = PBXFileReference; lastKnownFileType = folder.assetcatalog; path = Images.xcassets; sourceTree = "<group>"; };
		0DCE8ABC195F954E00D589F3 /* -06-29-新浪微博Tests.xctest */ = {isa = PBXFileReference; explicitFileType = wrapper.cfbundle; includeInIndex = 0; path = "-06-29-新浪微博Tests.xctest"; sourceTree = BUILT_PRODUCTS_DIR; };
		0DCE8ABD195F954E00D589F3 /* XCTest.framework */ = {isa = PBXFileReference; lastKnownFileType = wrapper.framework; name = XCTest.framework; path = Library/Frameworks/XCTest.framework; sourceTree = DEVELOPER_DIR; };
		0DCE8AC5195F954E00D589F3 /* -06-29-新浪微博Tests-Info.plist */ = {isa = PBXFileReference; lastKnownFileType = text.plist.xml; path = "-06-29-新浪微博Tests-Info.plist"; sourceTree = "<group>"; };
		0DCE8AC7195F954E00D589F3 /* en */ = {isa = PBXFileReference; lastKnownFileType = text.plist.strings; name = en; path = en.lproj/InfoPlist.strings; sourceTree = "<group>"; };
		0DCE8AC9195F954E00D589F3 /* _06_29_____Tests.m */ = {isa = PBXFileReference; lastKnownFileType = sourcecode.c.objc; path = "_06_29_____Tests.m"; sourceTree = "<group>"; };
/* End PBXFileReference section */

/* Begin PBXFrameworksBuildPhase section */
		0DCE8A9E195F954E00D589F3 /* Frameworks */ = {
			isa = PBXFrameworksBuildPhase;
			buildActionMask = 2147483647;
			files = (
				0DCE8AA7195F954E00D589F3 /* CoreGraphics.framework in Frameworks */,
				0DCE8AA9195F954E00D589F3 /* UIKit.framework in Frameworks */,
				0DCE8AA5195F954E00D589F3 /* Foundation.framework in Frameworks */,
			);
			runOnlyForDeploymentPostprocessing = 0;
		};
		0DCE8AB9195F954E00D589F3 /* Frameworks */ = {
			isa = PBXFrameworksBuildPhase;
			buildActionMask = 2147483647;
			files = (
				0DCE8ABE195F954E00D589F3 /* XCTest.framework in Frameworks */,
				0DCE8AC0195F954E00D589F3 /* UIKit.framework in Frameworks */,
				0DCE8ABF195F954E00D589F3 /* Foundation.framework in Frameworks */,
			);
			runOnlyForDeploymentPostprocessing = 0;
		};
/* End PBXFrameworksBuildPhase section */

/* Begin PBXGroup section */
		0DCE8A98195F954E00D589F3 = {
			isa = PBXGroup;
			children = (
				0DCE8AAA195F954E00D589F3 /* -06-29-新浪微博 */,
				0DCE8AC3195F954E00D589F3 /* -06-29-新浪微博Tests */,
				0DCE8AA3195F954E00D589F3 /* Frameworks */,
				0DCE8AA2195F954E00D589F3 /* Products */,
			);
			sourceTree = "<group>";
		};
		0DCE8AA2195F954E00D589F3 /* Products */ = {
			isa = PBXGroup;
			children = (
				0DCE8AA1195F954E00D589F3 /* -06-29-新浪微博.app */,
				0DCE8ABC195F954E00D589F3 /* -06-29-新浪微博Tests.xctest */,
			);
			name = Products;
			sourceTree = "<group>";
		};
		0DCE8AA3195F954E00D589F3 /* Frameworks */ = {
			isa = PBXGroup;
			children = (
				0DCE8AA4195F954E00D589F3 /* Foundation.framework */,
				0DCE8AA6195F954E00D589F3 /* CoreGraphics.framework */,
				0DCE8AA8195F954E00D589F3 /* UIKit.framework */,
				0DCE8ABD195F954E00D589F3 /* XCTest.framework */,
			);
			name = Frameworks;
			sourceTree = "<group>";
		};
		0DCE8AAA195F954E00D589F3 /* -06-29-新浪微博 */ = {
			isa = PBXGroup;
			children = (
				0DCE8AB3195F954E00D589F3 /* AppDelegate.h */,
				0DCE8AB4195F954E00D589F3 /* AppDelegate.m */,
				0DCE8AB6195F954E00D589F3 /* Images.xcassets */,
				0DCE8AAB195F954E00D589F3 /* Supporting Files */,
			);
			path = "-06-29-新浪微博";
			sourceTree = "<group>";
		};
		0DCE8AAB195F954E00D589F3 /* Supporting Files */ = {
			isa = PBXGroup;
			children = (
				0DCE8AAC195F954E00D589F3 /* -06-29-新浪微博-Info.plist */,
				0DCE8AAD195F954E00D589F3 /* InfoPlist.strings */,
				0DCE8AB0195F954E00D589F3 /* main.m */,
				0DCE8AB2195F954E00D589F3 /* -06-29-新浪微博-Prefix.pch */,
			);
			name = "Supporting Files";
			sourceTree = "<group>";
		};
		0DCE8AC3195F954E00D589F3 /* -06-29-新浪微博Tests */ = {
			isa = PBXGroup;
			children = (
				0DCE8AC9195F954E00D589F3 /* _06_29_____Tests.m */,
				0DCE8AC4195F954E00D589F3 /* Supporting Files */,
			);
			path = "-06-29-新浪微博Tests";
			sourceTree = "<group>";
		};
		0DCE8AC4195F954E00D589F3 /* Supporting Files */ = {
			isa = PBXGroup;
			children = (
				0DCE8AC5195F954E00D589F3 /* -06-29-新浪微博Tests-Info.plist */,
				0DCE8AC6195F954E00D589F3 /* InfoPlist.strings */,
			);
			name = "Supporting Files";
			sourceTree = "<group>";
		};
/* End PBXGroup section */

/* Begin PBXNativeTarget section */
		0DCE8AA0195F954E00D589F3 /* -06-29-新浪微博 */ = {
			isa = PBXNativeTarget;
			buildConfigurationList = 0DCE8ACD195F954E00D589F3 /* Build configuration list for PBXNativeTarget "-06-29-新浪微博" */;
			buildPhases = (
				0DCE8A9D195F954E00D589F3 /* Sources */,
				0DCE8A9E195F954E00D589F3 /* Frameworks */,
				0DCE8A9F195F954E00D589F3 /* Resources */,
			);
			buildRules = (
			);
			dependencies = (
			);
			name = "-06-29-新浪微博";
			productName = "-06-29-新浪微博";
			productReference = 0DCE8AA1195F954E00D589F3 /* -06-29-新浪微博.app */;
			productType = "com.apple.product-type.application";
		};
		0DCE8ABB195F954E00D589F3 /* -06-29-新浪微博Tests */ = {
			isa = PBXNativeTarget;
			buildConfigurationList = 0DCE8AD0195F954E00D589F3 /* Build configuration list for PBXNativeTarget "-06-29-新浪微博Tests" */;
			buildPhases = (
				0DCE8AB8195F954E00D589F3 /* Sources */,
				0DCE8AB9195F954E00D589F3 /* Frameworks */,
				0DCE8ABA195F954E00D589F3 /* Resources */,
			);
			buildRules = (
			);
			dependencies = (
				0DCE8AC2195F954E00D589F3 /* PBXTargetDependency */,
			);
			name = "-06-29-新浪微博Tests";
			productName = "-06-29-新浪微博Tests";
			productReference = 0DCE8ABC195F954E00D589F3 /* -06-29-新浪微博Tests.xctest */;
			productType = "com.apple.product-type.bundle.unit-test";
		};
/* End PBXNativeTarget section */

/* Begin PBXProject section */
		0DCE8A99195F954E00D589F3 /* Project object */ = {
			isa = PBXProject;
			attributes = {
				LastUpgradeCheck = 0510;
				ORGANIZATIONNAME = yangxin;
				TargetAttributes = {
					0DCE8ABB195F954E00D589F3 = {
						TestTargetID = 0DCE8AA0195F954E00D589F3;
					};
				};
			};
			buildConfigurationList = 0DCE8A9C195F954E00D589F3 /* Build configuration list for PBXProject "-06-29-新浪微博" */;
			compatibilityVersion = "Xcode 3.2";
			developmentRegion = English;
			hasScannedForEncodings = 0;
			knownRegions = (
				en,
			);
			mainGroup = 0DCE8A98195F954E00D589F3;
			productRefGroup = 0DCE8AA2195F954E00D589F3 /* Products */;
			projectDirPath = "";
			projectRoot = "";
			targets = (
				0DCE8AA0195F954E00D589F3 /* -06-29-新浪微博 */,
				0DCE8ABB195F954E00D589F3 /* -06-29-新浪微博Tests */,
			);
		};
/* End PBXProject section */

/* Begin PBXResourcesBuildPhase section */
		0DCE8A9F195F954E00D589F3 /* Resources */ = {
			isa = PBXResourcesBuildPhase;
			buildActionMask = 2147483647;
			files = (
				0DCE8AAF195F954E00D589F3 /* InfoPlist.strings in Resources */,
				0DCE8AB7195F954E00D589F3 /* Images.xcassets in Resources */,
			);
			runOnlyForDeploymentPostprocessing = 0;
		};
		0DCE8ABA195F954E00D589F3 /* Resources */ = {
			isa = PBXResourcesBuildPhase;
			buildActionMask = 2147483647;
			files = (
				0DCE8AC8195F954E00D589F3 /* InfoPlist.strings in Resources */,
			);
			runOnlyForDeploymentPostprocessing = 0;
		};
/* End PBXResourcesBuildPhase section */

/* Begin PBXSourcesBuildPhase section */
		0DCE8A9D195F954E00D589F3 /* Sources */ = {
			isa = PBXSourcesBuildPhase;
			buildActionMask = 2147483647;
			files = (
				0DCE8AB5195F954E00D589F3 /* AppDelegate.m in Sources */,
				0DCE8AB1195F954E00D589F3 /* main.m in Sources */,
			);
			runOnlyForDeploymentPostprocessing = 0;
		};
		0DCE8AB8195F954E00D589F3 /* Sources */ = {
			isa = PBXSourcesBuildPhase;
			buildActionMask = 2147483647;
			files = (
				0DCE8ACA195F954E00D589F3 /* _06_29_____Tests.m in Sources */,
			);
			runOnlyForDeploymentPostprocessing = 0;
		};
/* End PBXSourcesBuildPhase section */

/* Begin PBXTargetDependency section */
		0DCE8AC2195F954E00D589F3 /* PBXTargetDependency */ = {
			isa = PBXTargetDependency;
			target = 0DCE8AA0195F954E00D589F3 /* -06-29-新浪微博 */;
			targetProxy = 0DCE8AC1195F954E00D589F3 /* PBXContainerItemProxy */;
		};
/* End PBXTargetDependency section */

/* Begin PBXVariantGroup section */
		0DCE8AAD195F954E00D589F3 /* InfoPlist.strings */ = {
			isa = PBXVariantGroup;
			children = (
				0DCE8AAE195F954E00D589F3 /* en */,
			);
			name = InfoPlist.strings;
			sourceTree = "<group>";
		};
		0DCE8AC6195F954E00D589F3 /* InfoPlist.strings */ = {
			isa = PBXVariantGroup;
			children = (
				0DCE8AC7195F954E00D589F3 /* en */,
			);
			name = InfoPlist.strings;
			sourceTree = "<group>";
		};
/* End PBXVariantGroup section */

/* Begin XCBuildConfiguration section */
		0DCE8ACB195F954E00D589F3 /* Debug */ = {
			isa = XCBuildConfiguration;
			buildSettings = {
				ALWAYS_SEARCH_USER_PATHS = NO;
				CLANG_CXX_LANGUAGE_STANDARD = "gnu++0x";
				CLANG_CXX_LIBRARY = "libc++";
				CLANG_ENABLE_MODULES = YES;
				CLANG_ENABLE_OBJC_ARC = YES;
				CLANG_WARN_BOOL_CONVERSION = YES;
				CLANG_WARN_CONSTANT_CONVERSION = YES;
				CLANG_WARN_DIRECT_OBJC_ISA_USAGE = YES_ERROR;
				CLANG_WARN_EMPTY_BODY = YES;
				CLANG_WARN_ENUM_CONVERSION = YES;
				CLANG_WARN_INT_CONVERSION = YES;
				CLANG_WARN_OBJC_ROOT_CLASS = YES_ERROR;
				CLANG_WARN__DUPLICATE_METHOD_MATCH = YES;
				"CODE_SIGN_IDENTITY[sdk=iphoneos*]" = "iPhone Developer";
				COPY_PHASE_STRIP = NO;
				GCC_C_LANGUAGE_STANDARD = gnu99;
				GCC_DYNAMIC_NO_PIC = NO;
				GCC_OPTIMIZATION_LEVEL = 0;
				GCC_PREPROCESSOR_DEFINITIONS = (
					"DEBUG=1",
					"$(inherited)",
				);
				GCC_SYMBOLS_PRIVATE_EXTERN = NO;
				GCC_WARN_64_TO_32_BIT_CONVERSION = YES;
				GCC_WARN_ABOUT_RETURN_TYPE = YES_ERROR;
				GCC_WARN_UNDECLARED_SELECTOR = YES;
				GCC_WARN_UNINITIALIZED_AUTOS = YES_AGGRESSIVE;
				GCC_WARN_UNUSED_FUNCTION = YES;
				GCC_WARN_UNUSED_VARIABLE = YES;
				IPHONEOS_DEPLOYMENT_TARGET = 7.1;
				ONLY_ACTIVE_ARCH = YES;
				SDKROOT = iphoneos;
			};
			name = Debug;
		};
		0DCE8ACC195F954E00D589F3 /* Release */ = {
			isa = XCBuildConfiguration;
			buildSettings = {
				ALWAYS_SEARCH_USER_PATHS = NO;
				CLANG_CXX_LANGUAGE_STANDARD = "gnu++0x";
				CLANG_CXX_LIBRARY = "libc++";
				CLANG_ENABLE_MODULES = YES;
				CLANG_ENABLE_OBJC_ARC = YES;
				CLANG_WARN_BOOL_CONVERSION = YES;
				CLANG_WARN_CONSTANT_CONVERSION = YES;
				CLANG_WARN_DIRECT_OBJC_ISA_USAGE = YES_ERROR;
				CLANG_WARN_EMPTY_BODY = YES;
				CLANG_WARN_ENUM_CONVERSION = YES;
				CLANG_WARN_INT_CONVERSION = YES;
				CLANG_WARN_OBJC_ROOT_CLASS = YES_ERROR;
				CLANG_WARN__DUPLICATE_METHOD_MATCH = YES;
				"CODE_SIGN_IDENTITY[sdk=iphoneos*]" = "iPhone Developer";
				COPY_PHASE_STRIP = YES;
				ENABLE_NS_ASSERTIONS = NO;
				GCC_C_LANGUAGE_STANDARD = gnu99;
				GCC_WARN_64_TO_32_BIT_CONVERSION = YES;
				GCC_WARN_ABOUT_RETURN_TYPE = YES_ERROR;
				GCC_WARN_UNDECLARED_SELECTOR = YES;
				GCC_WARN_UNINITIALIZED_AUTOS = YES_AGGRESSIVE;
				GCC_WARN_UNUSED_FUNCTION = YES;
				GCC_WARN_UNUSED_VARIABLE = YES;
				IPHONEOS_DEPLOYMENT_TARGET = 7.1;
				SDKROOT = iphoneos;
				VALIDATE_PRODUCT = YES;
			};
			name = Release;
		};
		0DCE8ACE195F954E00D589F3 /* Debug */ = {
			isa = XCBuildConfiguration;
			buildSettings = {
				ASSETCATALOG_COMPILER_APPICON_NAME = AppIcon;
				ASSETCATALOG_COMPILER_LAUNCHIMAGE_NAME = LaunchImage;
				GCC_PRECOMPILE_PREFIX_HEADER = YES;
				GCC_PREFIX_HEADER = "-06-29-新浪微博/-06-29-新浪微博-Prefix.pch";
				INFOPLIST_FILE = "-06-29-新浪微博/-06-29-新浪微博-Info.plist";
				PRODUCT_NAME = "$(TARGET_NAME)";
				WRAPPER_EXTENSION = app;
			};
			name = Debug;
		};
		0DCE8ACF195F954E00D589F3 /* Release */ = {
			isa = XCBuildConfiguration;
			buildSettings = {
				ASSETCATALOG_COMPILER_APPICON_NAME = AppIcon;
				ASSETCATALOG_COMPILER_LAUNCHIMAGE_NAME = LaunchImage;
				GCC_PRECOMPILE_PREFIX_HEADER = YES;
				GCC_PREFIX_HEADER = "-06-29-新浪微博/-06-29-新浪微博-Prefix.pch";
				INFOPLIST_FILE = "-06-29-新浪微博/-06-29-新浪微博-Info.plist";
				PRODUCT_NAME = "$(TARGET_NAME)";
				WRAPPER_EXTENSION = app;
			};
			name = Release;
		};
		0DCE8AD1195F954E00D589F3 /* Debug */ = {
			isa = XCBuildConfiguration;
			buildSettings = {
				BUNDLE_LOADER = "$(BUILT_PRODUCTS_DIR)/-06-29-新浪微博.app/-06-29-新浪微博";
				FRAMEWORK_SEARCH_PATHS = (
					"$(SDKROOT)/Developer/Library/Frameworks",
					"$(inherited)",
					"$(DEVELOPER_FRAMEWORKS_DIR)",
				);
				GCC_PRECOMPILE_PREFIX_HEADER = YES;
				GCC_PREFIX_HEADER = "-06-29-新浪微博/-06-29-新浪微博-Prefix.pch";
				GCC_PREPROCESSOR_DEFINITIONS = (
					"DEBUG=1",
					"$(inherited)",
				);
				INFOPLIST_FILE = "-06-29-新浪微博Tests/-06-29-新浪微博Tests-Info.plist";
				PRODUCT_NAME = "$(TARGET_NAME)";
				TEST_HOST = "$(BUNDLE_LOADER)";
				WRAPPER_EXTENSION = xctest;
			};
			name = Debug;
		};
		0DCE8AD2195F954E00D589F3 /* Release */ = {
			isa = XCBuildConfiguration;
			buildSettings = {
				BUNDLE_LOADER = "$(BUILT_PRODUCTS_DIR)/-06-29-新浪微博.app/-06-29-新浪微博";
				FRAMEWORK_SEARCH_PATHS = (
					"$(SDKROOT)/Developer/Library/Frameworks",
					"$(inherited)",
					"$(DEVELOPER_FRAMEWORKS_DIR)",
				);
				GCC_PRECOMPILE_PREFIX_HEADER = YES;
				GCC_PREFIX_HEADER = "-06-29-新浪微博/-06-29-新浪微博-Prefix.pch";
				INFOPLIST_FILE = "-06-29-新浪微博Tests/-06-29-新浪微博Tests-Info.plist";
				PRODUCT_NAME = "$(TARGET_NAME)";
				TEST_HOST = "$(BUNDLE_LOADER)";
				WRAPPER_EXTENSION = xctest;
			};
			name = Release;
		};
/* End XCBuildConfiguration section */

/* Begin XCConfigurationList section */
		0DCE8A9C195F954E00D589F3 /* Build configuration list for PBXProject "-06-29-新浪微博" */ = {
			isa = XCConfigurationList;
			buildConfigurations = (
				0DCE8ACB195F954E00D589F3 /* Debug */,
				0DCE8ACC195F954E00D589F3 /* Release */,
			);
			defaultConfigurationIsVisible = 0;
			defaultConfigurationName = Release;
		};
		0DCE8ACD195F954E00D589F3 /* Build configuration list for PBXNativeTarget "-06-29-新浪微博" */ = {
			isa = XCConfigurationList;
			buildConfigurations = (
				0DCE8ACE195F954E00D589F3 /* Debug */,
				0DCE8ACF195F954E00D589F3 /* Release */,
			);
			defaultConfigurationIsVisible = 0;
		};
		0DCE8AD0195F954E00D589F3 /* Build configuration list for PBXNativeTarget "-06-29-新浪微博Tests" */ = {
			isa = XCConfigurationList;
			buildConfigurations = (
				0DCE8AD1195F954E00D589F3 /* Debug */,
				0DCE8AD2195F954E00D589F3 /* Release */,
			);
			defaultConfigurationIsVisible = 0;
		};
/* End XCConfigurationList section */
	};
	rootObject = 0DCE8A99195F954E00D589F3 /* Project object */;
}
